
Microsoft Visual Studio Solution File, Format Version 12.00
# Visual Studio Version 16
VisualStudioVersion = 16.0.35130.168
MinimumVisualStudioVersion = 10.0.40219.1
Project("{8BC9CEB8-8B4A-11D0-8D11-00A0C91BC942}") = "Projektkv1Igor", "Projektkv1Igor.vcxproj", "{366FCEF4-0A4E-4D52-BEC2-78F6717330BC}"
EndProject
Global
	GlobalSection(SolutionConfigurationPlatforms) = preSolution
		Debug|x64 = Debug|x64
		Debug|x86 = Debug|x86
		Release|x64 = Release|x64
		Release|x86 = Release|x86
	EndGlobalSection
	GlobalSection(ProjectConfigurationPlatforms) = postSolution
		{366FCEF4-0A4E-4D52-BEC2-78F6717330BC}.Debug|x64.ActiveCfg = Debug|x64
		{366FCEF4-0A4E-4D52-BEC2-78F6717330BC}.Debug|x64.Build.0 = Debug|x64
		{366FCEF4-0A4E-4D52-BEC2-78F6717330BC}.Debug|x86.ActiveCfg = Debug|Win32
		{366FCEF4-0A4E-4D52-BEC2-78F6717330BC}.Debug|x86.Build.0 = Debug|Win32
		{366FCEF4-0A4E-4D52-BEC2-78F6717330BC}.Release|x64.ActiveCfg = Release|x64
		{366FCEF4-0A4E-4D52-BEC2-78F6717330BC}.Release|x64.Build.0 = Release|x64
		{366FCEF4-0A4E-4D52-BEC2-78F6717330BC}.Release|x86.ActiveCfg = Release|Win32
		{366FCEF4-0A4E-4D52-BEC2-78F6717330BC}.Release|x86.Build.0 = Release|Win32
	EndGlobalSection
	GlobalSection(SolutionProperties) = preSolution
		HideSolutionNode = FALSE
	EndGlobalSection
	GlobalSection(ExtensibilityGlobals) = postSolution
		SolutionGuid = {5AB96D43-B472-4596-A9B5-43126ABE6D37}
	EndGlobalSection
EndGlobal
